PODS:
  - Expecta (1.0.6)
  - Masonry (1.1.0)
  - OCMock (3.4.1)

DEPENDENCIES:
  - Expecta
  - Masonry
  - OCMock

SPEC CHECKSUMS:
  Expecta: 3b6bd90a64b9a1dcb0b70aa0e10a7f8f631667d5
  Masonry: 678fab65091a9290e40e2832a55e7ab731aad201
  OCMock: 2cd0716969bab32a2283ff3a46fd26a8c8b4c5e3

PODFILE CHECKSUM: 8383f08d9ee2bd92a4b01fbec44376229887e4f1

COCOAPODS: 1.3.1
