// !$*UTF8*$!
{
	archiveVersion = 1;
	classes = {
	};
	objectVersion = 48;
	objects = {

/* Begin PBXBuildFile section */
		254A68A94F8596DABAEE698A /* libPods-YouTubeListener.a in Frameworks */ = {isa = PBXBuildFile; fileRef = 6FDD82332CDC1FD500DFA070 /* libPods-YouTubeListener.a */; };
		BA4942CF200AB2EB007D8819 /* UIImageView+Cache.m in Sources */ = {isa = PBXBuildFile; fileRef = BA4942CE200AB2EB007D8819 /* UIImageView+Cache.m */; };
		BA4942D2200B3A33007D8819 /* UIImage+Cache.m in Sources */ = {isa = PBXBuildFile; fileRef = BA4942D1200B3A33007D8819 /* UIImage+Cache.m */; };
		BA49AB522000A8CE00D6578D /* MEKPlayerController.m in Sources */ = {isa = PBXBuildFile; fileRef = BA49AB512000A8CE00D6578D /* MEKPlayerController.m */; };
		BA5453D4201233020027E2E6 /* MEKInfoView.m in Sources */ = {isa = PBXBuildFile; fileRef = BA5453D3201233020027E2E6 /* MEKInfoView.m */; };
		BA70A6652005EAE3002AE1B4 /* MEKPlaylistsViewController.m in Sources */ = {isa = PBXBuildFile; fileRef = BA70A6642005EAE3002AE1B4 /* MEKPlaylistsViewController.m */; };
		BA70A6682005F442002AE1B4 /* MEKPlaylistTableViewCell.m in Sources */ = {isa = PBXBuildFile; fileRef = BA70A6672005F442002AE1B4 /* MEKPlaylistTableViewCell.m */; };
		BA70A67E2005FEE2002AE1B4 /* PlaylistMO+CoreDataClass.m in Sources */ = {isa = PBXBuildFile; fileRef = BA70A6782005FEE2002AE1B4 /* PlaylistMO+CoreDataClass.m */; };
		BA70A67F2005FEE2002AE1B4 /* PlaylistMO+CoreDataProperties.m in Sources */ = {isa = PBXBuildFile; fileRef = BA70A6792005FEE2002AE1B4 /* PlaylistMO+CoreDataProperties.m */; };
		BA70A6802005FEE2002AE1B4 /* VideoItemMO+CoreDataClass.m in Sources */ = {isa = PBXBuildFile; fileRef = BA70A67C2005FEE2002AE1B4 /* VideoItemMO+CoreDataClass.m */; };
		BA70A6812005FEE2002AE1B4 /* VideoItemMO+CoreDataProperties.m in Sources */ = {isa = PBXBuildFile; fileRef = BA70A67D2005FEE2002AE1B4 /* VideoItemMO+CoreDataProperties.m */; };
		BA70A68520065EFC002AE1B4 /* MEKPlaylistViewController.m in Sources */ = {isa = PBXBuildFile; fileRef = BA70A68420065EFC002AE1B4 /* MEKPlaylistViewController.m */; };
		BA70A68B200759EB002AE1B4 /* MEKVideoItemTableViewCell.m in Sources */ = {isa = PBXBuildFile; fileRef = BA70A68A200759EB002AE1B4 /* MEKVideoItemTableViewCell.m */; };
		BA8F07412010D937005FA2E6 /* UIViewController+VideoItemActions.m in Sources */ = {isa = PBXBuildFile; fileRef = BA8F07402010D937005FA2E6 /* UIViewController+VideoItemActions.m */; };
		BAAE6D001FDFEF6F00438DF9 /* MEKYouTubeVideoParser.m in Sources */ = {isa = PBXBuildFile; fileRef = BAAE6CFF1FDFEF6F00438DF9 /* MEKYouTubeVideoParser.m */; };
		BAAE6D031FE1A3CD00438DF9 /* MEKPlayerViewController.m in Sources */ = {isa = PBXBuildFile; fileRef = BAAE6D021FE1A3CD00438DF9 /* MEKPlayerViewController.m */; };
		BAB51E441FFB4C85005F24F8 /* MEKProgressBar.m in Sources */ = {isa = PBXBuildFile; fileRef = BAB51E431FFB4C85005F24F8 /* MEKProgressBar.m */; };
		BAB51E471FFC9382005F24F8 /* MEKDowloadButton.m in Sources */ = {isa = PBXBuildFile; fileRef = BAB51E461FFC9382005F24F8 /* MEKDowloadButton.m */; };
		BAB56F15200BB7AB000DF5C6 /* MEKDownloadController.m in Sources */ = {isa = PBXBuildFile; fileRef = BAB56F14200BB7AB000DF5C6 /* MEKDownloadController.m */; };
		BAB56F1E200E87CA000DF5C6 /* MEKModalPlaylistsViewController.m in Sources */ = {isa = PBXBuildFile; fileRef = BAB56F1D200E87CA000DF5C6 /* MEKModalPlaylistsViewController.m */; };
		BAB56F21200E8BCD000DF5C6 /* MEKRecentPlaylistViewController.m in Sources */ = {isa = PBXBuildFile; fileRef = BAB56F20200E8BCD000DF5C6 /* MEKRecentPlaylistViewController.m */; };
		BAB56F24200E8EB6000DF5C6 /* MEKDownloadsPlaylistViewController.m in Sources */ = {isa = PBXBuildFile; fileRef = BAB56F23200E8EB6000DF5C6 /* MEKDownloadsPlaylistViewController.m */; };
		BAB56F31200EAA6D000DF5C6 /* MEKWebVideoLoader.m in Sources */ = {isa = PBXBuildFile; fileRef = BAB56F30200EAA6D000DF5C6 /* MEKWebVideoLoader.m */; };
		BABD356B1FDEAF740036B27F /* AppDelegate.m in Sources */ = {isa = PBXBuildFile; fileRef = BABD356A1FDEAF740036B27F /* AppDelegate.m */; };
		BABD356E1FDEAF740036B27F /* MEKVideoPlayerViewController.m in Sources */ = {isa = PBXBuildFile; fileRef = BABD356D1FDEAF740036B27F /* MEKVideoPlayerViewController.m */; };
		BABD35741FDEAF740036B27F /* YouTubeListener.xcdatamodeld in Sources */ = {isa = PBXBuildFile; fileRef = BABD35721FDEAF740036B27F /* YouTubeListener.xcdatamodeld */; };
		BABD35761FDEAF740036B27F /* Assets.xcassets in Resources */ = {isa = PBXBuildFile; fileRef = BABD35751FDEAF740036B27F /* Assets.xcassets */; };
		BABD35791FDEAF740036B27F /* LaunchScreen.storyboard in Resources */ = {isa = PBXBuildFile; fileRef = BABD35771FDEAF740036B27F /* LaunchScreen.storyboard */; };
		BABD357C1FDEAF740036B27F /* main.m in Sources */ = {isa = PBXBuildFile; fileRef = BABD357B1FDEAF740036B27F /* main.m */; };
/* End PBXBuildFile section */

/* Begin PBXFileReference section */
		6FDD82332CDC1FD500DFA070 /* libPods-YouTubeListener.a */ = {isa = PBXFileReference; explicitFileType = archive.ar; includeInIndex = 0; path = "libPods-YouTubeListener.a"; sourceTree = BUILT_PRODUCTS_DIR; };
		9C8818282E684B6B6C6CCA85 /* Pods-YouTubeListener.release.xcconfig */ = {isa = PBXFileReference; includeInIndex = 1; lastKnownFileType = text.xcconfig; name = "Pods-YouTubeListener.release.xcconfig"; path = "Pods/Target Support Files/Pods-YouTubeListener/Pods-YouTubeListener.release.xcconfig"; sourceTree = "<group>"; };
		AE9604B7FD3A8F3C409C1CFB /* Pods-YouTubeListener.debug.xcconfig */ = {isa = PBXFileReference; includeInIndex = 1; lastKnownFileType = text.xcconfig; name = "Pods-YouTubeListener.debug.xcconfig"; path = "Pods/Target Support Files/Pods-YouTubeListener/Pods-YouTubeListener.debug.xcconfig"; sourceTree = "<group>"; };
		BA4942CD200AB2EB007D8819 /* UIImageView+Cache.h */ = {isa = PBXFileReference; lastKnownFileType = sourcecode.c.h; path = "UIImageView+Cache.h"; sourceTree = "<group>"; };
		BA4942CE200AB2EB007D8819 /* UIImageView+Cache.m */ = {isa = PBXFileReference; lastKnownFileType = sourcecode.c.objc; path = "UIImageView+Cache.m"; sourceTree = "<group>"; };
		BA4942D0200B3A33007D8819 /* UIImage+Cache.h */ = {isa = PBXFileReference; lastKnownFileType = sourcecode.c.h; path = "UIImage+Cache.h"; sourceTree = "<group>"; };
		BA4942D1200B3A33007D8819 /* UIImage+Cache.m */ = {isa = PBXFileReference; lastKnownFileType = sourcecode.c.objc; path = "UIImage+Cache.m"; sourceTree = "<group>"; };
		BA49AB502000A8CE00D6578D /* MEKPlayerController.h */ = {isa = PBXFileReference; lastKnownFileType = sourcecode.c.h; path = MEKPlayerController.h; sourceTree = "<group>"; };
		BA49AB512000A8CE00D6578D /* MEKPlayerController.m */ = {isa = PBXFileReference; lastKnownFileType = sourcecode.c.objc; path = MEKPlayerController.m; sourceTree = "<group>"; };
		BA5453D2201233020027E2E6 /* MEKInfoView.h */ = {isa = PBXFileReference; lastKnownFileType = sourcecode.c.h; path = MEKInfoView.h; sourceTree = "<group>"; };
		BA5453D3201233020027E2E6 /* MEKInfoView.m */ = {isa = PBXFileReference; lastKnownFileType = sourcecode.c.objc; path = MEKInfoView.m; sourceTree = "<group>"; };
		BA70A6632005EAE3002AE1B4 /* MEKPlaylistsViewController.h */ = {isa = PBXFileReference; lastKnownFileType = sourcecode.c.h; path = MEKPlaylistsViewController.h; sourceTree = "<group>"; };
		BA70A6642005EAE3002AE1B4 /* MEKPlaylistsViewController.m */ = {isa = PBXFileReference; lastKnownFileType = sourcecode.c.objc; path = MEKPlaylistsViewController.m; sourceTree = "<group>"; };
		BA70A6672005F442002AE1B4 /* MEKPlaylistTableViewCell.m */ = {isa = PBXFileReference; lastKnownFileType = sourcecode.c.objc; path = MEKPlaylistTableViewCell.m; sourceTree = "<group>"; };
		BA70A6762005FEE2002AE1B4 /* PlaylistMO+CoreDataProperties.h */ = {isa = PBXFileReference; lastKnownFileType = sourcecode.c.h; path = "PlaylistMO+CoreDataProperties.h"; sourceTree = "<group>"; };
		BA70A6772005FEE2002AE1B4 /* PlaylistMO+CoreDataClass.h */ = {isa = PBXFileReference; lastKnownFileType = sourcecode.c.h; path = "PlaylistMO+CoreDataClass.h"; sourceTree = "<group>"; };
		BA70A6782005FEE2002AE1B4 /* PlaylistMO+CoreDataClass.m */ = {isa = PBXFileReference; lastKnownFileType = sourcecode.c.objc; path = "PlaylistMO+CoreDataClass.m"; sourceTree = "<group>"; };
		BA70A6792005FEE2002AE1B4 /* PlaylistMO+CoreDataProperties.m */ = {isa = PBXFileReference; lastKnownFileType = sourcecode.c.objc; path = "PlaylistMO+CoreDataProperties.m"; sourceTree = "<group>"; };
		BA70A67A2005FEE2002AE1B4 /* VideoItemMO+CoreDataProperties.h */ = {isa = PBXFileReference; lastKnownFileType = sourcecode.c.h; path = "VideoItemMO+CoreDataProperties.h"; sourceTree = "<group>"; };
		BA70A67B2005FEE2002AE1B4 /* VideoItemMO+CoreDataClass.h */ = {isa = PBXFileReference; lastKnownFileType = sourcecode.c.h; path = "VideoItemMO+CoreDataClass.h"; sourceTree = "<group>"; };
		BA70A67C2005FEE2002AE1B4 /* VideoItemMO+CoreDataClass.m */ = {isa = PBXFileReference; lastKnownFileType = sourcecode.c.objc; path = "VideoItemMO+CoreDataClass.m"; sourceTree = "<group>"; };
		BA70A67D2005FEE2002AE1B4 /* VideoItemMO+CoreDataProperties.m */ = {isa = PBXFileReference; lastKnownFileType = sourcecode.c.objc; path = "VideoItemMO+CoreDataProperties.m"; sourceTree = "<group>"; };
		BA70A682200627BB002AE1B4 /* MEKPlaylistTableViewCell.h */ = {isa = PBXFileReference; lastKnownFileType = sourcecode.c.h; path = MEKPlaylistTableViewCell.h; sourceTree = "<group>"; };
		BA70A68320065EFC002AE1B4 /* MEKPlaylistViewController.h */ = {isa = PBXFileReference; lastKnownFileType = sourcecode.c.h; path = MEKPlaylistViewController.h; sourceTree = "<group>"; };
		BA70A68420065EFC002AE1B4 /* MEKPlaylistViewController.m */ = {isa = PBXFileReference; lastKnownFileType = sourcecode.c.objc; path = MEKPlaylistViewController.m; sourceTree = "<group>"; };
		BA70A689200759EB002AE1B4 /* MEKVideoItemTableViewCell.h */ = {isa = PBXFileReference; lastKnownFileType = sourcecode.c.h; path = MEKVideoItemTableViewCell.h; sourceTree = "<group>"; };
		BA70A68A200759EB002AE1B4 /* MEKVideoItemTableViewCell.m */ = {isa = PBXFileReference; lastKnownFileType = sourcecode.c.objc; path = MEKVideoItemTableViewCell.m; sourceTree = "<group>"; };
		BA8F073F2010D937005FA2E6 /* UIViewController+VideoItemActions.h */ = {isa = PBXFileReference; lastKnownFileType = sourcecode.c.h; path = "UIViewController+VideoItemActions.h"; sourceTree = "<group>"; };
		BA8F07402010D937005FA2E6 /* UIViewController+VideoItemActions.m */ = {isa = PBXFileReference; lastKnownFileType = sourcecode.c.objc; path = "UIViewController+VideoItemActions.m"; sourceTree = "<group>"; };
		BA8F07452011409F005FA2E6 /* MEKWebVideoParserProtocol.h */ = {isa = PBXFileReference; lastKnownFileType = sourcecode.c.h; path = MEKWebVideoParserProtocol.h; sourceTree = "<group>"; };
		BAAE6CFF1FDFEF6F00438DF9 /* MEKYouTubeVideoParser.m */ = {isa = PBXFileReference; lastKnownFileType = sourcecode.c.objc; path = MEKYouTubeVideoParser.m; sourceTree = "<group>"; };
		BAAE6D011FE1A3CD00438DF9 /* MEKPlayerViewController.h */ = {isa = PBXFileReference; lastKnownFileType = sourcecode.c.h; path = MEKPlayerViewController.h; sourceTree = "<group>"; };
		BAAE6D021FE1A3CD00438DF9 /* MEKPlayerViewController.m */ = {isa = PBXFileReference; lastKnownFileType = sourcecode.c.objc; path = MEKPlayerViewController.m; sourceTree = "<group>"; };
		BAB51E421FFB4C85005F24F8 /* MEKProgressBar.h */ = {isa = PBXFileReference; lastKnownFileType = sourcecode.c.h; path = MEKProgressBar.h; sourceTree = "<group>"; };
		BAB51E431FFB4C85005F24F8 /* MEKProgressBar.m */ = {isa = PBXFileReference; lastKnownFileType = sourcecode.c.objc; path = MEKProgressBar.m; sourceTree = "<group>"; };
		BAB51E451FFC9382005F24F8 /* MEKDowloadButton.h */ = {isa = PBXFileReference; lastKnownFileType = sourcecode.c.h; path = MEKDowloadButton.h; sourceTree = "<group>"; };
		BAB51E461FFC9382005F24F8 /* MEKDowloadButton.m */ = {isa = PBXFileReference; lastKnownFileType = sourcecode.c.objc; path = MEKDowloadButton.m; sourceTree = "<group>"; };
		BAB56F13200BB7AB000DF5C6 /* MEKDownloadController.h */ = {isa = PBXFileReference; lastKnownFileType = sourcecode.c.h; path = MEKDownloadController.h; sourceTree = "<group>"; };
		BAB56F14200BB7AB000DF5C6 /* MEKDownloadController.m */ = {isa = PBXFileReference; lastKnownFileType = sourcecode.c.objc; path = MEKDownloadController.m; sourceTree = "<group>"; };
		BAB56F1C200E87CA000DF5C6 /* MEKModalPlaylistsViewController.h */ = {isa = PBXFileReference; lastKnownFileType = sourcecode.c.h; path = MEKModalPlaylistsViewController.h; sourceTree = "<group>"; };
		BAB56F1D200E87CA000DF5C6 /* MEKModalPlaylistsViewController.m */ = {isa = PBXFileReference; lastKnownFileType = sourcecode.c.objc; path = MEKModalPlaylistsViewController.m; sourceTree = "<group>"; };
		BAB56F1F200E8BCD000DF5C6 /* MEKRecentPlaylistViewController.h */ = {isa = PBXFileReference; lastKnownFileType = sourcecode.c.h; path = MEKRecentPlaylistViewController.h; sourceTree = "<group>"; };
		BAB56F20200E8BCD000DF5C6 /* MEKRecentPlaylistViewController.m */ = {isa = PBXFileReference; lastKnownFileType = sourcecode.c.objc; path = MEKRecentPlaylistViewController.m; sourceTree = "<group>"; };
		BAB56F22200E8EB6000DF5C6 /* MEKDownloadsPlaylistViewController.h */ = {isa = PBXFileReference; lastKnownFileType = sourcecode.c.h; path = MEKDownloadsPlaylistViewController.h; sourceTree = "<group>"; };
		BAB56F23200E8EB6000DF5C6 /* MEKDownloadsPlaylistViewController.m */ = {isa = PBXFileReference; lastKnownFileType = sourcecode.c.objc; path = MEKDownloadsPlaylistViewController.m; sourceTree = "<group>"; };
		BAB56F2C200EA954000DF5C6 /* MEKWebVideoLoaderProtocol.h */ = {isa = PBXFileReference; lastKnownFileType = sourcecode.c.h; path = MEKWebVideoLoaderProtocol.h; sourceTree = "<group>"; };
		BAB56F2F200EAA6D000DF5C6 /* MEKWebVideoLoader.h */ = {isa = PBXFileReference; lastKnownFileType = sourcecode.c.h; path = MEKWebVideoLoader.h; sourceTree = "<group>"; };
		BAB56F30200EAA6D000DF5C6 /* MEKWebVideoLoader.m */ = {isa = PBXFileReference; lastKnownFileType = sourcecode.c.objc; path = MEKWebVideoLoader.m; sourceTree = "<group>"; };
		BAB56F33200EB15B000DF5C6 /* MEKYouTubeVideoParser.h */ = {isa = PBXFileReference; lastKnownFileType = sourcecode.c.h; path = MEKYouTubeVideoParser.h; sourceTree = "<group>"; };
		BABD35661FDEAF740036B27F /* YouTubeListener.app */ = {isa = PBXFileReference; explicitFileType = wrapper.application; includeInIndex = 0; path = YouTubeListener.app; sourceTree = BUILT_PRODUCTS_DIR; };
		BABD35691FDEAF740036B27F /* AppDelegate.h */ = {isa = PBXFileReference; lastKnownFileType = sourcecode.c.h; path = AppDelegate.h; sourceTree = "<group>"; };
		BABD356A1FDEAF740036B27F /* AppDelegate.m */ = {isa = PBXFileReference; lastKnownFileType = sourcecode.c.objc; path = AppDelegate.m; sourceTree = "<group>"; };
		BABD356C1FDEAF740036B27F /* MEKVideoPlayerViewController.h */ = {isa = PBXFileReference; lastKnownFileType = sourcecode.c.h; path = MEKVideoPlayerViewController.h; sourceTree = "<group>"; };
		BABD356D1FDEAF740036B27F /* MEKVideoPlayerViewController.m */ = {isa = PBXFileReference; lastKnownFileType = sourcecode.c.objc; path = MEKVideoPlayerViewController.m; sourceTree = "<group>"; };
		BABD35731FDEAF740036B27F /* YouTubeListener.xcdatamodel */ = {isa = PBXFileReference; lastKnownFileType = wrapper.xcdatamodel; path = YouTubeListener.xcdatamodel; sourceTree = "<group>"; };
		BABD35751FDEAF740036B27F /* Assets.xcassets */ = {isa = PBXFileReference; lastKnownFileType = folder.assetcatalog; path = Assets.xcassets; sourceTree = "<group>"; };
		BABD35781FDEAF740036B27F /* Base */ = {isa = PBXFileReference; lastKnownFileType = file.storyboard; name = Base; path = Base.lproj/LaunchScreen.storyboard; sourceTree = "<group>"; };
		BABD357A1FDEAF740036B27F /* Info.plist */ = {isa = PBXFileReference; lastKnownFileType = text.plist.xml; path = Info.plist; sourceTree = "<group>"; };
		BABD357B1FDEAF740036B27F /* main.m */ = {isa = PBXFileReference; lastKnownFileType = sourcecode.c.objc; path = main.m; sourceTree = "<group>"; };
/* End PBXFileReference section */

/* Begin PBXFrameworksBuildPhase section */
		BABD35631FDEAF740036B27F /* Frameworks */ = {
			isa = PBXFrameworksBuildPhase;
			buildActionMask = 2147483647;
			files = (
				254A68A94F8596DABAEE698A /* libPods-YouTubeListener.a in Frameworks */,
			);
			runOnlyForDeploymentPostprocessing = 0;
		};
/* End PBXFrameworksBuildPhase section */

/* Begin PBXGroup section */
		3CD486BD69487BF9D851CBEF /* Frameworks */ = {
			isa = PBXGroup;
			children = (
				6FDD82332CDC1FD500DFA070 /* libPods-YouTubeListener.a */,
			);
			name = Frameworks;
			sourceTree = "<group>";
		};
		6FA42C0B250624A999E01AC9 /* Pods */ = {
			isa = PBXGroup;
			children = (
				AE9604B7FD3A8F3C409C1CFB /* Pods-YouTubeListener.debug.xcconfig */,
				9C8818282E684B6B6C6CCA85 /* Pods-YouTubeListener.release.xcconfig */,
			);
			name = Pods;
			sourceTree = "<group>";
		};
		BA70A6752005F87E002AE1B4 /* Models */ = {
			isa = PBXGroup;
			children = (
				BAB56F35200EC656000DF5C6 /* Playlist */,
				BAB56F36200EC666000DF5C6 /* VideoItem */,
			);
			path = Models;
			sourceTree = "<group>";
		};
		BA70A68C20075F58002AE1B4 /* TableViewCells */ = {
			isa = PBXGroup;
			children = (
				BA70A682200627BB002AE1B4 /* MEKPlaylistTableViewCell.h */,
				BA70A6672005F442002AE1B4 /* MEKPlaylistTableViewCell.m */,
				BA70A689200759EB002AE1B4 /* MEKVideoItemTableViewCell.h */,
				BA70A68A200759EB002AE1B4 /* MEKVideoItemTableViewCell.m */,
			);
			path = TableViewCells;
			sourceTree = "<group>";
		};
		BA70A68D20077992002AE1B4 /* ViewControllers */ = {
			isa = PBXGroup;
			children = (
				BAB56F25200E9D10000DF5C6 /* PlaylistsViewControllers */,
				BAB56F26200E9D25000DF5C6 /* PlaylistViewControllers */,
				BABD356C1FDEAF740036B27F /* MEKVideoPlayerViewController.h */,
				BABD356D1FDEAF740036B27F /* MEKVideoPlayerViewController.m */,
				BAAE6D011FE1A3CD00438DF9 /* MEKPlayerViewController.h */,
				BAAE6D021FE1A3CD00438DF9 /* MEKPlayerViewController.m */,
			);
			path = ViewControllers;
			sourceTree = "<group>";
		};
		BA70A68E200779F3002AE1B4 /* Views */ = {
			isa = PBXGroup;
			children = (
				BAB51E421FFB4C85005F24F8 /* MEKProgressBar.h */,
				BAB51E431FFB4C85005F24F8 /* MEKProgressBar.m */,
				BAB51E451FFC9382005F24F8 /* MEKDowloadButton.h */,
				BAB51E461FFC9382005F24F8 /* MEKDowloadButton.m */,
				BA5453D2201233020027E2E6 /* MEKInfoView.h */,
				BA5453D3201233020027E2E6 /* MEKInfoView.m */,
			);
			path = Views;
			sourceTree = "<group>";
		};
		BAB56F12200B6B6D000DF5C6 /* Categories */ = {
			isa = PBXGroup;
			children = (
				BA4942CD200AB2EB007D8819 /* UIImageView+Cache.h */,
				BA4942CE200AB2EB007D8819 /* UIImageView+Cache.m */,
				BA4942D0200B3A33007D8819 /* UIImage+Cache.h */,
				BA4942D1200B3A33007D8819 /* UIImage+Cache.m */,
				BA8F073F2010D937005FA2E6 /* UIViewController+VideoItemActions.h */,
				BA8F07402010D937005FA2E6 /* UIViewController+VideoItemActions.m */,
			);
			path = Categories;
			sourceTree = "<group>";
		};
		BAB56F25200E9D10000DF5C6 /* PlaylistsViewControllers */ = {
			isa = PBXGroup;
			children = (
				BA70A6632005EAE3002AE1B4 /* MEKPlaylistsViewController.h */,
				BA70A6642005EAE3002AE1B4 /* MEKPlaylistsViewController.m */,
				BAB56F1C200E87CA000DF5C6 /* MEKModalPlaylistsViewController.h */,
				BAB56F1D200E87CA000DF5C6 /* MEKModalPlaylistsViewController.m */,
			);
			path = PlaylistsViewControllers;
			sourceTree = "<group>";
		};
		BAB56F26200E9D25000DF5C6 /* PlaylistViewControllers */ = {
			isa = PBXGroup;
			children = (
				BA70A68320065EFC002AE1B4 /* MEKPlaylistViewController.h */,
				BA70A68420065EFC002AE1B4 /* MEKPlaylistViewController.m */,
				BAB56F1F200E8BCD000DF5C6 /* MEKRecentPlaylistViewController.h */,
				BAB56F20200E8BCD000DF5C6 /* MEKRecentPlaylistViewController.m */,
				BAB56F22200E8EB6000DF5C6 /* MEKDownloadsPlaylistViewController.h */,
				BAB56F23200E8EB6000DF5C6 /* MEKDownloadsPlaylistViewController.m */,
			);
			path = PlaylistViewControllers;
			sourceTree = "<group>";
		};
		BAB56F27200E9E81000DF5C6 /* Controllers */ = {
			isa = PBXGroup;
			children = (
				BAB56F34200EB1EB000DF5C6 /* MEKWebVideoParser */,
				BA49AB502000A8CE00D6578D /* MEKPlayerController.h */,
				BA49AB512000A8CE00D6578D /* MEKPlayerController.m */,
				BAB56F13200BB7AB000DF5C6 /* MEKDownloadController.h */,
				BAB56F14200BB7AB000DF5C6 /* MEKDownloadController.m */,
			);
			path = Controllers;
			sourceTree = "<group>";
		};
		BAB56F34200EB1EB000DF5C6 /* MEKWebVideoParser */ = {
			isa = PBXGroup;
			children = (
				BAB56F33200EB15B000DF5C6 /* MEKYouTubeVideoParser.h */,
				BAAE6CFF1FDFEF6F00438DF9 /* MEKYouTubeVideoParser.m */,
				BA8F07452011409F005FA2E6 /* MEKWebVideoParserProtocol.h */,
				BAB56F2C200EA954000DF5C6 /* MEKWebVideoLoaderProtocol.h */,
				BAB56F2F200EAA6D000DF5C6 /* MEKWebVideoLoader.h */,
				BAB56F30200EAA6D000DF5C6 /* MEKWebVideoLoader.m */,
			);
			path = MEKWebVideoParser;
			sourceTree = "<group>";
		};
		BAB56F35200EC656000DF5C6 /* Playlist */ = {
			isa = PBXGroup;
			children = (
				BA70A6762005FEE2002AE1B4 /* PlaylistMO+CoreDataProperties.h */,
				BA70A6772005FEE2002AE1B4 /* PlaylistMO+CoreDataClass.h */,
				BA70A6782005FEE2002AE1B4 /* PlaylistMO+CoreDataClass.m */,
				BA70A6792005FEE2002AE1B4 /* PlaylistMO+CoreDataProperties.m */,
			);
			path = Playlist;
			sourceTree = "<group>";
		};
		BAB56F36200EC666000DF5C6 /* VideoItem */ = {
			isa = PBXGroup;
			children = (
				BA70A67A2005FEE2002AE1B4 /* VideoItemMO+CoreDataProperties.h */,
				BA70A67B2005FEE2002AE1B4 /* VideoItemMO+CoreDataClass.h */,
				BA70A67C2005FEE2002AE1B4 /* VideoItemMO+CoreDataClass.m */,
				BA70A67D2005FEE2002AE1B4 /* VideoItemMO+CoreDataProperties.m */,
			);
			path = VideoItem;
			sourceTree = "<group>";
		};
		BABD355D1FDEAF740036B27F = {
			isa = PBXGroup;
			children = (
				BABD35681FDEAF740036B27F /* YouTubeListener */,
				BABD35671FDEAF740036B27F /* Products */,
				6FA42C0B250624A999E01AC9 /* Pods */,
				3CD486BD69487BF9D851CBEF /* Frameworks */,
			);
			sourceTree = "<group>";
		};
		BABD35671FDEAF740036B27F /* Products */ = {
			isa = PBXGroup;
			children = (
				BABD35661FDEAF740036B27F /* YouTubeListener.app */,
			);
			name = Products;
			sourceTree = "<group>";
		};
		BABD35681FDEAF740036B27F /* YouTubeListener */ = {
			isa = PBXGroup;
			children = (
				BAB56F12200B6B6D000DF5C6 /* Categories */,
				BA70A68E200779F3002AE1B4 /* Views */,
				BAB56F27200E9E81000DF5C6 /* Controllers */,
				BA70A68D20077992002AE1B4 /* ViewControllers */,
				BA70A68C20075F58002AE1B4 /* TableViewCells */,
				BA70A6752005F87E002AE1B4 /* Models */,
				BABD35691FDEAF740036B27F /* AppDelegate.h */,
				BABD356A1FDEAF740036B27F /* AppDelegate.m */,
				BABD35751FDEAF740036B27F /* Assets.xcassets */,
				BABD35771FDEAF740036B27F /* LaunchScreen.storyboard */,
				BABD357A1FDEAF740036B27F /* Info.plist */,
				BABD357B1FDEAF740036B27F /* main.m */,
				BABD35721FDEAF740036B27F /* YouTubeListener.xcdatamodeld */,
			);
			path = YouTubeListener;
			sourceTree = "<group>";
		};
/* End PBXGroup section */

/* Begin PBXNativeTarget section */
		BABD35651FDEAF740036B27F /* YouTubeListener */ = {
			isa = PBXNativeTarget;
			buildConfigurationList = BABD357F1FDEAF740036B27F /* Build configuration list for PBXNativeTarget "YouTubeListener" */;
			buildPhases = (
				AFA49F4839358DFE8F6CC440 /* [CP] Check Pods Manifest.lock */,
				BABD35621FDEAF740036B27F /* Sources */,
				BABD35631FDEAF740036B27F /* Frameworks */,
				BABD35641FDEAF740036B27F /* Resources */,
				96A5CF9FAEE393CB3118D329 /* [CP] Embed Pods Frameworks */,
				95308B9662400329E8E5C82F /* [CP] Copy Pods Resources */,
			);
			buildRules = (
			);
			dependencies = (
			);
			name = YouTubeListener;
			productName = YouTubeListener;
			productReference = BABD35661FDEAF740036B27F /* YouTubeListener.app */;
			productType = "com.apple.product-type.application";
		};
/* End PBXNativeTarget section */

/* Begin PBXProject section */
		BABD355E1FDEAF740036B27F /* Project object */ = {
			isa = PBXProject;
			attributes = {
				LastUpgradeCheck = 0900;
				ORGANIZATIONNAME = "Matvey Kravtsov";
				TargetAttributes = {
					BABD35651FDEAF740036B27F = {
						CreatedOnToolsVersion = 9.0;
						ProvisioningStyle = Automatic;
					};
				};
			};
			buildConfigurationList = BABD35611FDEAF740036B27F /* Build configuration list for PBXProject "YouTubeListener" */;
			compatibilityVersion = "Xcode 8.0";
			developmentRegion = en;
			hasScannedForEncodings = 0;
			knownRegions = (
				en,
				Base,
			);
			mainGroup = BABD355D1FDEAF740036B27F;
			productRefGroup = BABD35671FDEAF740036B27F /* Products */;
			projectDirPath = "";
			projectRoot = "";
			targets = (
				BABD35651FDEAF740036B27F /* YouTubeListener */,
			);
		};
/* End PBXProject section */

/* Begin PBXResourcesBuildPhase section */
		BABD35641FDEAF740036B27F /* Resources */ = {
			isa = PBXResourcesBuildPhase;
			buildActionMask = 2147483647;
			files = (
				BABD35791FDEAF740036B27F /* LaunchScreen.storyboard in Resources */,
				BABD35761FDEAF740036B27F /* Assets.xcassets in Resources */,
			);
			runOnlyForDeploymentPostprocessing = 0;
		};
/* End PBXResourcesBuildPhase section */

/* Begin PBXShellScriptBuildPhase section */
		95308B9662400329E8E5C82F /* [CP] Copy Pods Resources */ = {
			isa = PBXShellScriptBuildPhase;
			buildActionMask = 2147483647;
			files = (
			);
			inputPaths = (
			);
			name = "[CP] Copy Pods Resources";
			outputPaths = (
			);
			runOnlyForDeploymentPostprocessing = 0;
			shellPath = /bin/sh;
			shellScript = "\"${SRCROOT}/Pods/Target Support Files/Pods-YouTubeListener/Pods-YouTubeListener-resources.sh\"\n";
			showEnvVarsInLog = 0;
		};
		96A5CF9FAEE393CB3118D329 /* [CP] Embed Pods Frameworks */ = {
			isa = PBXShellScriptBuildPhase;
			buildActionMask = 2147483647;
			files = (
			);
			inputPaths = (
			);
			name = "[CP] Embed Pods Frameworks";
			outputPaths = (
			);
			runOnlyForDeploymentPostprocessing = 0;
			shellPath = /bin/sh;
			shellScript = "\"${SRCROOT}/Pods/Target Support Files/Pods-YouTubeListener/Pods-YouTubeListener-frameworks.sh\"\n";
			showEnvVarsInLog = 0;
		};
		AFA49F4839358DFE8F6CC440 /* [CP] Check Pods Manifest.lock */ = {
			isa = PBXShellScriptBuildPhase;
			buildActionMask = 2147483647;
			files = (
			);
			inputPaths = (
				"${PODS_PODFILE_DIR_PATH}/Podfile.lock",
				"${PODS_ROOT}/Manifest.lock",
			);
			name = "[CP] Check Pods Manifest.lock";
			outputPaths = (
				"$(DERIVED_FILE_DIR)/Pods-YouTubeListener-checkManifestLockResult.txt",
			);
			runOnlyForDeploymentPostprocessing = 0;
			shellPath = /bin/sh;
			shellScript = "diff \"${PODS_PODFILE_DIR_PATH}/Podfile.lock\" \"${PODS_ROOT}/Manifest.lock\" > /dev/null\nif [ $? != 0 ] ; then\n    # print error to STDERR\n    echo \"error: The sandbox is not in sync with the Podfile.lock. Run 'pod install' or update your CocoaPods installation.\" >&2\n    exit 1\nfi\n# This output is used by Xcode 'outputs' to avoid re-running this script phase.\necho \"SUCCESS\" > \"${SCRIPT_OUTPUT_FILE_0}\"\n";
			showEnvVarsInLog = 0;
		};
/* End PBXShellScriptBuildPhase section */

/* Begin PBXSourcesBuildPhase section */
		BABD35621FDEAF740036B27F /* Sources */ = {
			isa = PBXSourcesBuildPhase;
			buildActionMask = 2147483647;
			files = (
				BAB56F1E200E87CA000DF5C6 /* MEKModalPlaylistsViewController.m in Sources */,
				BA8F07412010D937005FA2E6 /* UIViewController+VideoItemActions.m in Sources */,
				BA70A6812005FEE2002AE1B4 /* VideoItemMO+CoreDataProperties.m in Sources */,
				BA4942D2200B3A33007D8819 /* UIImage+Cache.m in Sources */,
				BA70A68520065EFC002AE1B4 /* MEKPlaylistViewController.m in Sources */,
				BAAE6D001FDFEF6F00438DF9 /* MEKYouTubeVideoParser.m in Sources */,
				BA70A68B200759EB002AE1B4 /* MEKVideoItemTableViewCell.m in Sources */,
				BABD356E1FDEAF740036B27F /* MEKVideoPlayerViewController.m in Sources */,
				BAB51E471FFC9382005F24F8 /* MEKDowloadButton.m in Sources */,
				BA70A67F2005FEE2002AE1B4 /* PlaylistMO+CoreDataProperties.m in Sources */,
				BA70A6652005EAE3002AE1B4 /* MEKPlaylistsViewController.m in Sources */,
				BA70A67E2005FEE2002AE1B4 /* PlaylistMO+CoreDataClass.m in Sources */,
				BAB51E441FFB4C85005F24F8 /* MEKProgressBar.m in Sources */,
				BAAE6D031FE1A3CD00438DF9 /* MEKPlayerViewController.m in Sources */,
				BAB56F31200EAA6D000DF5C6 /* MEKWebVideoLoader.m in Sources */,
				BABD35741FDEAF740036B27F /* YouTubeListener.xcdatamodeld in Sources */,
				BABD357C1FDEAF740036B27F /* main.m in Sources */,
				BABD356B1FDEAF740036B27F /* AppDelegate.m in Sources */,
				BAB56F21200E8BCD000DF5C6 /* MEKRecentPlaylistViewController.m in Sources */,
				BA4942CF200AB2EB007D8819 /* UIImageView+Cache.m in Sources */,
				BA5453D4201233020027E2E6 /* MEKInfoView.m in Sources */,
				BA70A6802005FEE2002AE1B4 /* VideoItemMO+CoreDataClass.m in Sources */,
				BAB56F24200E8EB6000DF5C6 /* MEKDownloadsPlaylistViewController.m in Sources */,
				BA49AB522000A8CE00D6578D /* MEKPlayerController.m in Sources */,
				BAB56F15200BB7AB000DF5C6 /* MEKDownloadController.m in Sources */,
				BA70A6682005F442002AE1B4 /* MEKPlaylistTableViewCell.m in Sources */,
			);
			runOnlyForDeploymentPostprocessing = 0;
		};
/* End PBXSourcesBuildPhase section */

/* Begin PBXVariantGroup section */
		BABD35771FDEAF740036B27F /* LaunchScreen.storyboard */ = {
			isa = PBXVariantGroup;
			children = (
				BABD35781FDEAF740036B27F /* Base */,
			);
			name = LaunchScreen.storyboard;
			sourceTree = "<group>";
		};
/* End PBXVariantGroup section */

/* Begin XCBuildConfiguration section */
		BABD357D1FDEAF740036B27F /* Debug */ = {
			isa = XCBuildConfiguration;
			buildSettings = {
				ALWAYS_SEARCH_USER_PATHS = NO;
				CLANG_ANALYZER_NONNULL = YES;
				CLANG_ANALYZER_NUMBER_OBJECT_CONVERSION = YES_AGGRESSIVE;
				CLANG_CXX_LANGUAGE_STANDARD = "gnu++14";
				CLANG_CXX_LIBRARY = "libc++";
				CLANG_ENABLE_MODULES = YES;
				CLANG_ENABLE_OBJC_ARC = YES;
				CLANG_WARN_BLOCK_CAPTURE_AUTORELEASING = YES;
				CLANG_WARN_BOOL_CONVERSION = YES;
				CLANG_WARN_COMMA = YES;
				CLANG_WARN_CONSTANT_CONVERSION = YES;
				CLANG_WARN_DIRECT_OBJC_ISA_USAGE = YES_ERROR;
				CLANG_WARN_DOCUMENTATION_COMMENTS = YES;
				CLANG_WARN_EMPTY_BODY = YES;
				CLANG_WARN_ENUM_CONVERSION = YES;
				CLANG_WARN_INFINITE_RECURSION = YES;
				CLANG_WARN_INT_CONVERSION = YES;
				CLANG_WARN_NON_LITERAL_NULL_CONVERSION = YES;
				CLANG_WARN_OBJC_LITERAL_CONVERSION = YES;
				CLANG_WARN_OBJC_ROOT_CLASS = YES_ERROR;
				CLANG_WARN_RANGE_LOOP_ANALYSIS = YES;
				CLANG_WARN_STRICT_PROTOTYPES = YES;
				CLANG_WARN_SUSPICIOUS_MOVE = YES;
				CLANG_WARN_UNGUARDED_AVAILABILITY = YES_AGGRESSIVE;
				CLANG_WARN_UNREACHABLE_CODE = YES;
				CLANG_WARN__DUPLICATE_METHOD_MATCH = YES;
				CODE_SIGN_IDENTITY = "iPhone Developer";
				COPY_PHASE_STRIP = NO;
				DEBUG_INFORMATION_FORMAT = dwarf;
				ENABLE_STRICT_OBJC_MSGSEND = YES;
				ENABLE_TESTABILITY = YES;
				GCC_C_LANGUAGE_STANDARD = gnu11;
				GCC_DYNAMIC_NO_PIC = NO;
				GCC_NO_COMMON_BLOCKS = YES;
				GCC_OPTIMIZATION_LEVEL = 0;
				GCC_PREPROCESSOR_DEFINITIONS = (
					"DEBUG=1",
					"$(inherited)",
				);
				GCC_WARN_64_TO_32_BIT_CONVERSION = YES;
				GCC_WARN_ABOUT_RETURN_TYPE = YES_ERROR;
				GCC_WARN_UNDECLARED_SELECTOR = YES;
				GCC_WARN_UNINITIALIZED_AUTOS = YES_AGGRESSIVE;
				GCC_WARN_UNUSED_FUNCTION = YES;
				GCC_WARN_UNUSED_VARIABLE = YES;
				IPHONEOS_DEPLOYMENT_TARGET = 11.0;
				MTL_ENABLE_DEBUG_INFO = YES;
				ONLY_ACTIVE_ARCH = YES;
				SDKROOT = iphoneos;
			};
			name = Debug;
		};
		BABD357E1FDEAF740036B27F /* Release */ = {
			isa = XCBuildConfiguration;
			buildSettings = {
				ALWAYS_SEARCH_USER_PATHS = NO;
				CLANG_ANALYZER_NONNULL = YES;
				CLANG_ANALYZER_NUMBER_OBJECT_CONVERSION = YES_AGGRESSIVE;
				CLANG_CXX_LANGUAGE_STANDARD = "gnu++14";
				CLANG_CXX_LIBRARY = "libc++";
				CLANG_ENABLE_MODULES = YES;
				CLANG_ENABLE_OBJC_ARC = YES;
				CLANG_WARN_BLOCK_CAPTURE_AUTORELEASING = YES;
				CLANG_WARN_BOOL_CONVERSION = YES;
				CLANG_WARN_COMMA = YES;
				CLANG_WARN_CONSTANT_CONVERSION = YES;
				CLANG_WARN_DIRECT_OBJC_ISA_USAGE = YES_ERROR;
				CLANG_WARN_DOCUMENTATION_COMMENTS = YES;
				CLANG_WARN_EMPTY_BODY = YES;
				CLANG_WARN_ENUM_CONVERSION = YES;
				CLANG_WARN_INFINITE_RECURSION = YES;
				CLANG_WARN_INT_CONVERSION = YES;
				CLANG_WARN_NON_LITERAL_NULL_CONVERSION = YES;
				CLANG_WARN_OBJC_LITERAL_CONVERSION = YES;
				CLANG_WARN_OBJC_ROOT_CLASS = YES_ERROR;
				CLANG_WARN_RANGE_LOOP_ANALYSIS = YES;
				CLANG_WARN_STRICT_PROTOTYPES = YES;
				CLANG_WARN_SUSPICIOUS_MOVE = YES;
				CLANG_WARN_UNGUARDED_AVAILABILITY = YES_AGGRESSIVE;
				CLANG_WARN_UNREACHABLE_CODE = YES;
				CLANG_WARN__DUPLICATE_METHOD_MATCH = YES;
				CODE_SIGN_IDENTITY = "iPhone Developer";
				COPY_PHASE_STRIP = NO;
				DEBUG_INFORMATION_FORMAT = "dwarf-with-dsym";
				ENABLE_NS_ASSERTIONS = NO;
				ENABLE_STRICT_OBJC_MSGSEND = YES;
				GCC_C_LANGUAGE_STANDARD = gnu11;
				GCC_NO_COMMON_BLOCKS = YES;
				GCC_WARN_64_TO_32_BIT_CONVERSION = YES;
				GCC_WARN_ABOUT_RETURN_TYPE = YES_ERROR;
				GCC_WARN_UNDECLARED_SELECTOR = YES;
				GCC_WARN_UNINITIALIZED_AUTOS = YES_AGGRESSIVE;
				GCC_WARN_UNUSED_FUNCTION = YES;
				GCC_WARN_UNUSED_VARIABLE = YES;
				IPHONEOS_DEPLOYMENT_TARGET = 11.0;
				MTL_ENABLE_DEBUG_INFO = NO;
				SDKROOT = iphoneos;
				VALIDATE_PRODUCT = YES;
			};
			name = Release;
		};
		BABD35801FDEAF740036B27F /* Debug */ = {
			isa = XCBuildConfiguration;
			baseConfigurationReference = AE9604B7FD3A8F3C409C1CFB /* Pods-YouTubeListener.debug.xcconfig */;
			buildSettings = {
				ASSETCATALOG_COMPILER_APPICON_NAME = AppIcon;
				CODE_SIGN_STYLE = Automatic;
				DEVELOPMENT_TEAM = JFP62Y85PG;
				GCC_TREAT_WARNINGS_AS_ERRORS = YES;
				INFOPLIST_FILE = YouTubeListener/Info.plist;
				IPHONEOS_DEPLOYMENT_TARGET = 11.0;
				LD_RUNPATH_SEARCH_PATHS = "$(inherited) @executable_path/Frameworks";
				PRODUCT_BUNDLE_IDENTIFIER = com.mekravtsov.YouTubeListener;
				PRODUCT_NAME = "$(TARGET_NAME)";
				TARGETED_DEVICE_FAMILY = "1,2";
			};
			name = Debug;
		};
		BABD35811FDEAF740036B27F /* Release */ = {
			isa = XCBuildConfiguration;
			baseConfigurationReference = 9C8818282E684B6B6C6CCA85 /* Pods-YouTubeListener.release.xcconfig */;
			buildSettings = {
				ASSETCATALOG_COMPILER_APPICON_NAME = AppIcon;
				CODE_SIGN_STYLE = Automatic;
				DEVELOPMENT_TEAM = JFP62Y85PG;
				GCC_TREAT_WARNINGS_AS_ERRORS = YES;
				INFOPLIST_FILE = YouTubeListener/Info.plist;
				IPHONEOS_DEPLOYMENT_TARGET = 11.0;
				LD_RUNPATH_SEARCH_PATHS = "$(inherited) @executable_path/Frameworks";
				PRODUCT_BUNDLE_IDENTIFIER = com.mekravtsov.YouTubeListener;
				PRODUCT_NAME = "$(TARGET_NAME)";
				TARGETED_DEVICE_FAMILY = "1,2";
			};
			name = Release;
		};
/* End XCBuildConfiguration section */

/* Begin XCConfigurationList section */
		BABD35611FDEAF740036B27F /* Build configuration list for PBXProject "YouTubeListener" */ = {
			isa = XCConfigurationList;
			buildConfigurations = (
				BABD357D1FDEAF740036B27F /* Debug */,
				BABD357E1FDEAF740036B27F /* Release */,
			);
			defaultConfigurationIsVisible = 0;
			defaultConfigurationName = Release;
		};
		BABD357F1FDEAF740036B27F /* Build configuration list for PBXNativeTarget "YouTubeListener" */ = {
			isa = XCConfigurationList;
			buildConfigurations = (
				BABD35801FDEAF740036B27F /* Debug */,
				BABD35811FDEAF740036B27F /* Release */,
			);
			defaultConfigurationIsVisible = 0;
			defaultConfigurationName = Release;
		};
/* End XCConfigurationList section */

/* Begin XCVersionGroup section */
		BABD35721FDEAF740036B27F /* YouTubeListener.xcdatamodeld */ = {
			isa = XCVersionGroup;
			children = (
				BABD35731FDEAF740036B27F /* YouTubeListener.xcdatamodel */,
			);
			currentVersion = BABD35731FDEAF740036B27F /* YouTubeListener.xcdatamodel */;
			path = YouTubeListener.xcdatamodeld;
			sourceTree = "<group>";
			versionGroupType = wrapper.xcdatamodel;
		};
/* End XCVersionGroup section */
	};
	rootObject = BABD355E1FDEAF740036B27F /* Project object */;
}
